// !$*UTF8*$!
{
	archiveVersion = 1;
	classes = {
	};
	objectVersion = 50;
	objects = {

/* Begin PBXAggregateTarget section */
		5E4EC3F820F42A1600C60D7A /* Universal */ = {
			isa = PBXAggregateTarget;
			buildConfigurationList = 5E4EC3F920F42A1600C60D7A /* Build configuration list for PBXAggregateTarget "Universal" */;
			buildPhases = (
				5E4EC3FE20F42A4C00C60D7A /* ShellScript */,
			);
			dependencies = (
				5E4EC3FD20F42A2A00C60D7A /* PBXTargetDependency */,
			);
			name = Universal;
			productName = Universal;
		};
/* End PBXAggregateTarget section */

/* Begin PBXBuildFile section */
		5E4EC3F220F4232700C60D7A /* KMMCompletion.m in Sources */ = {isa = PBXBuildFile; fileRef = 5E4EC3E720F4232600C60D7A /* KMMCompletion.m */; };
		5E4EC3F320F4232700C60D7A /* KMMMessenger.m in Sources */ = {isa = PBXBuildFile; fileRef = 5E4EC3E820F4232600C60D7A /* KMMMessenger.m */; };
		5E4EC3F420F4232700C60D7A /* KMMException.m in Sources */ = {isa = PBXBuildFile; fileRef = 5E4EC3EA20F4232600C60D7A /* KMMException.m */; };
		5E4EC3F520F4232700C60D7A /* KMMCommand.m in Sources */ = {isa = PBXBuildFile; fileRef = 5E4EC3ED20F4232700C60D7A /* KMMCommand.m */; };
		5E4EC3F620F4232700C60D7A /* KMMKamome.m in Sources */ = {isa = PBXBuildFile; fileRef = 5E4EC3EF20F4232700C60D7A /* KMMKamome.m */; };
		5E962A3C248E447E00AF0668 /* KMMConsoleLogAdapter.m in Sources */ = {isa = PBXBuildFile; fileRef = 5E962A3B248E447E00AF0668 /* KMMConsoleLogAdapter.m */; };
		5EECBABC23CC9609003DD100 /* KMMLocalCompletion.m in Sources */ = {isa = PBXBuildFile; fileRef = 5EECBABB23CC9609003DD100 /* KMMLocalCompletion.m */; };
/* End PBXBuildFile section */

/* Begin PBXContainerItemProxy section */
		5E4EC3FC20F42A2A00C60D7A /* PBXContainerItemProxy */ = {
			isa = PBXContainerItemProxy;
			containerPortal = 5E4EC3CA20F4223700C60D7A /* Project object */;
			proxyType = 1;
			remoteGlobalIDString = 5E4EC3D120F4223700C60D7A;
			remoteInfo = KamomeSDK;
		};
/* End PBXContainerItemProxy section */

/* Begin PBXCopyFilesBuildPhase section */
		5E4EC3D020F4223700C60D7A /* CopyFiles */ = {
			isa = PBXCopyFilesBuildPhase;
			buildActionMask = 2147483647;
			dstPath = "include/$(PRODUCT_NAME)";
			dstSubfolderSpec = 16;
			files = (
			);
			runOnlyForDeploymentPostprocessing = 0;
		};
/* End PBXCopyFilesBuildPhase section */

/* Begin PBXFileReference section */
		5E4EC3D220F4223700C60D7A /* libKamomeSDK.a */ = {isa = PBXFileReference; explicitFileType = archive.ar; includeInIndex = 0; path = libKamomeSDK.a; sourceTree = BUILT_PRODUCTS_DIR; };
		5E4EC3E420F4232600C60D7A /* KMMCompletion.h */ = {isa = PBXFileReference; fileEncoding = 4; lastKnownFileType = sourcecode.c.h; path = KMMCompletion.h; sourceTree = "<group>"; };
		5E4EC3E620F4232600C60D7A /* KMMCommand.h */ = {isa = PBXFileReference; fileEncoding = 4; lastKnownFileType = sourcecode.c.h; path = KMMCommand.h; sourceTree = "<group>"; };
		5E4EC3E720F4232600C60D7A /* KMMCompletion.m */ = {isa = PBXFileReference; fileEncoding = 4; lastKnownFileType = sourcecode.c.objc; path = KMMCompletion.m; sourceTree = "<group>"; };
		5E4EC3E820F4232600C60D7A /* KMMMessenger.m */ = {isa = PBXFileReference; fileEncoding = 4; lastKnownFileType = sourcecode.c.objc; path = KMMMessenger.m; sourceTree = "<group>"; };
		5E4EC3E920F4232600C60D7A /* KamomeSDK.h */ = {isa = PBXFileReference; fileEncoding = 4; lastKnownFileType = sourcecode.c.h; path = KamomeSDK.h; sourceTree = "<group>"; };
		5E4EC3EA20F4232600C60D7A /* KMMException.m */ = {isa = PBXFileReference; fileEncoding = 4; lastKnownFileType = sourcecode.c.objc; path = KMMException.m; sourceTree = "<group>"; };
		5E4EC3EB20F4232600C60D7A /* KMMException.h */ = {isa = PBXFileReference; fileEncoding = 4; lastKnownFileType = sourcecode.c.h; path = KMMException.h; sourceTree = "<group>"; };
		5E4EC3EC20F4232700C60D7A /* KMMKamome.h */ = {isa = PBXFileReference; fileEncoding = 4; lastKnownFileType = sourcecode.c.h; path = KMMKamome.h; sourceTree = "<group>"; };
		5E4EC3ED20F4232700C60D7A /* KMMCommand.m */ = {isa = PBXFileReference; fileEncoding = 4; lastKnownFileType = sourcecode.c.objc; path = KMMCommand.m; sourceTree = "<group>"; };
		5E4EC3EF20F4232700C60D7A /* KMMKamome.m */ = {isa = PBXFileReference; fileEncoding = 4; lastKnownFileType = sourcecode.c.objc; path = KMMKamome.m; sourceTree = "<group>"; };
		5E4EC3F020F4232700C60D7A /* KMMMessenger.h */ = {isa = PBXFileReference; fileEncoding = 4; lastKnownFileType = sourcecode.c.h; path = KMMMessenger.h; sourceTree = "<group>"; };
		5E4EC40320F477BA00C60D7A /* Info.plist */ = {isa = PBXFileReference; lastKnownFileType = text.plist.xml; path = Info.plist; sourceTree = "<group>"; };
		5E962A3A248E447E00AF0668 /* KMMConsoleLogAdapter.h */ = {isa = PBXFileReference; lastKnownFileType = sourcecode.c.h; path = KMMConsoleLogAdapter.h; sourceTree = "<group>"; };
		5E962A3B248E447E00AF0668 /* KMMConsoleLogAdapter.m */ = {isa = PBXFileReference; lastKnownFileType = sourcecode.c.objc; path = KMMConsoleLogAdapter.m; sourceTree = "<group>"; };
		5EECBABA23CC9609003DD100 /* KMMLocalCompletion.h */ = {isa = PBXFileReference; lastKnownFileType = sourcecode.c.h; path = KMMLocalCompletion.h; sourceTree = "<group>"; };
		5EECBABB23CC9609003DD100 /* KMMLocalCompletion.m */ = {isa = PBXFileReference; lastKnownFileType = sourcecode.c.objc; path = KMMLocalCompletion.m; sourceTree = "<group>"; };
/* End PBXFileReference section */

/* Begin PBXFrameworksBuildPhase section */
		5E4EC3CF20F4223700C60D7A /* Frameworks */ = {
			isa = PBXFrameworksBuildPhase;
			buildActionMask = 2147483647;
			files = (
			);
			runOnlyForDeploymentPostprocessing = 0;
		};
/* End PBXFrameworksBuildPhase section */

/* Begin PBXGroup section */
		5E4EC3C920F4223700C60D7A = {
			isa = PBXGroup;
			children = (
				5E4EC3D420F4223700C60D7A /* KamomeSDK */,
				5E4EC3D320F4223700C60D7A /* Products */,
			);
			sourceTree = "<group>";
		};
		5E4EC3D320F4223700C60D7A /* Products */ = {
			isa = PBXGroup;
			children = (
				5E4EC3D220F4223700C60D7A /* libKamomeSDK.a */,
			);
			name = Products;
			sourceTree = "<group>";
		};
		5E4EC3D420F4223700C60D7A /* KamomeSDK */ = {
			isa = PBXGroup;
			children = (
				5E4EC40420F478D600C60D7A /* Headers */,
				5E4EC40220F4778600C60D7A /* Resources */,
				5E4EC40520F478E900C60D7A /* Sources */,
			);
			path = KamomeSDK;
			sourceTree = "<group>";
		};
		5E4EC40220F4778600C60D7A /* Resources */ = {
			isa = PBXGroup;
			children = (
				5E4EC40320F477BA00C60D7A /* Info.plist */,
			);
			path = Resources;
			sourceTree = "<group>";
		};
		5E4EC40420F478D600C60D7A /* Headers */ = {
			isa = PBXGroup;
			children = (
				5E4EC3E920F4232600C60D7A /* KamomeSDK.h */,
				5E4EC3E620F4232600C60D7A /* KMMCommand.h */,
				5E4EC3E420F4232600C60D7A /* KMMCompletion.h */,
				5E962A3A248E447E00AF0668 /* KMMConsoleLogAdapter.h */,
				5E4EC3EB20F4232600C60D7A /* KMMException.h */,
				5E4EC3EC20F4232700C60D7A /* KMMKamome.h */,
				5EECBABA23CC9609003DD100 /* KMMLocalCompletion.h */,
			);
			path = Headers;
			sourceTree = "<group>";
		};
		5E4EC40520F478E900C60D7A /* Sources */ = {
			isa = PBXGroup;
			children = (
				5E4EC40920F5691E00C60D7A /* Internal */,
				5E4EC3ED20F4232700C60D7A /* KMMCommand.m */,
				5E4EC3E720F4232600C60D7A /* KMMCompletion.m */,
				5E962A3B248E447E00AF0668 /* KMMConsoleLogAdapter.m */,
				5E4EC3EA20F4232600C60D7A /* KMMException.m */,
				5E4EC3EF20F4232700C60D7A /* KMMKamome.m */,
				5EECBABB23CC9609003DD100 /* KMMLocalCompletion.m */,
			);
			path = Sources;
			sourceTree = "<group>";
		};
		5E4EC40920F5691E00C60D7A /* Internal */ = {
			isa = PBXGroup;
			children = (
				5E4EC3F020F4232700C60D7A /* KMMMessenger.h */,
				5E4EC3E820F4232600C60D7A /* KMMMessenger.m */,
			);
			path = Internal;
			sourceTree = "<group>";
		};
/* End PBXGroup section */

/* Begin PBXNativeTarget section */
		5E4EC3D120F4223700C60D7A /* KamomeSDK */ = {
			isa = PBXNativeTarget;
			buildConfigurationList = 5E4EC3DB20F4223700C60D7A /* Build configuration list for PBXNativeTarget "KamomeSDK" */;
			buildPhases = (
				5E4EC3CE20F4223700C60D7A /* Sources */,
				5E4EC3CF20F4223700C60D7A /* Frameworks */,
				5E4EC3D020F4223700C60D7A /* CopyFiles */,
			);
			buildRules = (
			);
			dependencies = (
			);
			name = KamomeSDK;
			productName = KamomeSDK;
			productReference = 5E4EC3D220F4223700C60D7A /* libKamomeSDK.a */;
			productType = "com.apple.product-type.library.static";
		};
/* End PBXNativeTarget section */

/* Begin PBXProject section */
		5E4EC3CA20F4223700C60D7A /* Project object */ = {
			isa = PBXProject;
			attributes = {
				LastUpgradeCheck = 0940;
				ORGANIZATIONNAME = "Hituzi Ando";
				TargetAttributes = {
					5E4EC3D120F4223700C60D7A = {
						CreatedOnToolsVersion = 9.4.1;
					};
					5E4EC3F820F42A1600C60D7A = {
						CreatedOnToolsVersion = 9.4.1;
					};
				};
			};
			buildConfigurationList = 5E4EC3CD20F4223700C60D7A /* Build configuration list for PBXProject "KamomeSDK" */;
			compatibilityVersion = "Xcode 9.3";
			developmentRegion = en;
			hasScannedForEncodings = 0;
			knownRegions = (
				en,
			);
			mainGroup = 5E4EC3C920F4223700C60D7A;
			productRefGroup = 5E4EC3D320F4223700C60D7A /* Products */;
			projectDirPath = "";
			projectRoot = "";
			targets = (
				5E4EC3D120F4223700C60D7A /* KamomeSDK */,
				5E4EC3F820F42A1600C60D7A /* Universal */,
			);
		};
/* End PBXProject section */

/* Begin PBXShellScriptBuildPhase section */
		5E4EC3FE20F42A4C00C60D7A /* ShellScript */ = {
			isa = PBXShellScriptBuildPhase;
			buildActionMask = 2147483647;
			files = (
			);
			inputPaths = (
			);
			outputPaths = (
			);
			runOnlyForDeploymentPostprocessing = 0;
			shellPath = /bin/sh;
			shellScript = "# ==============================\n# Set env\n# ==============================\nINFOPLIST=\"${PROJECT_NAME}/Resources/Info.plist\"\nFRAMEWORK_NAME=$(/usr/libexec/PlistBuddy -c \"Print CFBundleName\" ${INFOPLIST})\nBUILD_TARGET_NAME=$FRAMEWORK_NAME\nFRAMEWORK_BUILD_CONFIGURATION=\"${CONFIGURATION}\"\nFRAMEWORK_VERSION_NUMBER=$(/usr/libexec/PlistBuddy -c \"Print CFBundleShortVersionString\" ${INFOPLIST})\nFRAMEWORK_VERSION=A\nFRAMEWORK_BUILD_PATH=\"Framework\"\nFRAMEWORK_DIR=\"${FRAMEWORK_BUILD_PATH}/${FRAMEWORK_NAME}.framework\"\nPACKAGENAME=\"${FRAMEWORK_NAME}-${FRAMEWORK_VERSION_NUMBER}.zip\"\n\n# ==============================\n# Build\n# ==============================\nxcodebuild -configuration ${FRAMEWORK_BUILD_CONFIGURATION} -target ${BUILD_TARGET_NAME} clean\nxcodebuild -configuration ${FRAMEWORK_BUILD_CONFIGURATION} -target ${BUILD_TARGET_NAME} -sdk iphonesimulator\n[ $? != 0 ] && exit 1\nxcodebuild -configuration ${FRAMEWORK_BUILD_CONFIGURATION} -target ${BUILD_TARGET_NAME} -sdk iphoneos\n[ $? != 0 ] && exit 1\n\n# ==============================\n# Make directories\n# ==============================\n[ -d \"${FRAMEWORK_BUILD_PATH}\" ] && rm -rf \"${FRAMEWORK_BUILD_PATH}\"\nmkdir -p ${FRAMEWORK_DIR}\nmkdir -p ${FRAMEWORK_DIR}/Headers\nmkdir -p ${FRAMEWORK_DIR}/Resources\n\n#mkdir -p ${FRAMEWORK_DIR}/Versions\n#mkdir -p ${FRAMEWORK_DIR}/Versions/${FRAMEWORK_VERSION}\n#mkdir -p ${FRAMEWORK_DIR}/Versions/${FRAMEWORK_VERSION}/Resources\n#mkdir -p ${FRAMEWORK_DIR}/Versions/${FRAMEWORK_VERSION}/Headers\n#ln -s ${FRAMEWORK_VERSION} ${FRAMEWORK_DIR}/Versions/Current\n#ln -s Versions/Current/Headers ${FRAMEWORK_DIR}/Headers\n#ln -s Versions/Current/Resources ${FRAMEWORK_DIR}/Resources\n#ln -s Versions/Current/${FRAMEWORK_NAME} ${FRAMEWORK_DIR}/${FRAMEWORK_NAME}\n\n# ==============================\n# Make framework\n# ==============================\nlipo -create \\\nbuild/${FRAMEWORK_BUILD_CONFIGURATION}-iphoneos/lib${FRAMEWORK_NAME}.a \\\nbuild/${FRAMEWORK_BUILD_CONFIGURATION}-iphonesimulator/lib${FRAMEWORK_NAME}.a \\\n-o \"${FRAMEWORK_DIR}/${FRAMEWORK_NAME}\"\n#-o \"${FRAMEWORK_DIR}/Versions/Current/${FRAMEWORK_NAME}\"\n\ncp -Rf \"${PROJECT_NAME}/Headers/\" ${FRAMEWORK_DIR}/Headers/\ncp \"${PROJECT_NAME}/Resources/\" ${FRAMEWORK_DIR}/Resources/\ncp ${INFOPLIST} ${FRAMEWORK_DIR}/Resources/\ncp -Rf \"${PROJECT_NAME}/Modules/\" ${FRAMEWORK_DIR}/Modules/\ncd ${FRAMEWORK_BUILD_PATH}\nchmod -fR 755 \"${FRAMEWORK_NAME}.framework\"\nzip -ry ${PACKAGENAME} $(basename $FRAMEWORK_DIR)\ncd ${SRCROOT}\n\n# ==============================\n# Copy framework to sample app\n# ==============================\nrm -rf ../Kamome/Framework/${FRAMEWORK_NAME}.framework\nrm -rf ../KamomeSwift/Framework/${FRAMEWORK_NAME}.framework\ncp -rf ${FRAMEWORK_DIR} ../Kamome/Framework\ncp -rf ${FRAMEWORK_DIR} ../KamomeSwift/Framework\n\n";
		};
/* End PBXShellScriptBuildPhase section */

/* Begin PBXSourcesBuildPhase section */
		5E4EC3CE20F4223700C60D7A /* Sources */ = {
			isa = PBXSourcesBuildPhase;
			buildActionMask = 2147483647;
			files = (
				5E4EC3F420F4232700C60D7A /* KMMException.m in Sources */,
				5E4EC3F220F4232700C60D7A /* KMMCompletion.m in Sources */,
				5E4EC3F320F4232700C60D7A /* KMMMessenger.m in Sources */,
				5E4EC3F520F4232700C60D7A /* KMMCommand.m in Sources */,
				5E4EC3F620F4232700C60D7A /* KMMKamome.m in Sources */,
				5EECBABC23CC9609003DD100 /* KMMLocalCompletion.m in Sources */,
				5E962A3C248E447E00AF0668 /* KMMConsoleLogAdapter.m in Sources */,
			);
			runOnlyForDeploymentPostprocessing = 0;
		};
/* End PBXSourcesBuildPhase section */

/* Begin PBXTargetDependency section */
		5E4EC3FD20F42A2A00C60D7A /* PBXTargetDependency */ = {
			isa = PBXTargetDependency;
			target = 5E4EC3D120F4223700C60D7A /* KamomeSDK */;
			targetProxy = 5E4EC3FC20F42A2A00C60D7A /* PBXContainerItemProxy */;
		};
/* End PBXTargetDependency section */

/* Begin XCBuildConfiguration section */
		5E4EC3D920F4223700C60D7A /* Debug */ = {
			isa = XCBuildConfiguration;
			buildSettings = {
				ALWAYS_SEARCH_USER_PATHS = NO;
				CLANG_ANALYZER_NONNULL = YES;
				CLANG_ANALYZER_NUMBER_OBJECT_CONVERSION = YES_AGGRESSIVE;
				CLANG_CXX_LANGUAGE_STANDARD = "gnu++14";
				CLANG_CXX_LIBRARY = "libc++";
				CLANG_ENABLE_MODULES = YES;
				CLANG_ENABLE_OBJC_ARC = YES;
				CLANG_ENABLE_OBJC_WEAK = YES;
				CLANG_WARN_BLOCK_CAPTURE_AUTORELEASING = YES;
				CLANG_WARN_BOOL_CONVERSION = YES;
				CLANG_WARN_COMMA = YES;
				CLANG_WARN_CONSTANT_CONVERSION = YES;
				CLANG_WARN_DEPRECATED_OBJC_IMPLEMENTATIONS = YES;
				CLANG_WARN_DIRECT_OBJC_ISA_USAGE = YES_ERROR;
				CLANG_WARN_DOCUMENTATION_COMMENTS = YES;
				CLANG_WARN_EMPTY_BODY = YES;
				CLANG_WARN_ENUM_CONVERSION = YES;
				CLANG_WARN_INFINITE_RECURSION = YES;
				CLANG_WARN_INT_CONVERSION = YES;
				CLANG_WARN_NON_LITERAL_NULL_CONVERSION = YES;
				CLANG_WARN_OBJC_IMPLICIT_RETAIN_SELF = YES;
				CLANG_WARN_OBJC_LITERAL_CONVERSION = YES;
				CLANG_WARN_OBJC_ROOT_CLASS = YES_ERROR;
				CLANG_WARN_RANGE_LOOP_ANALYSIS = YES;
				CLANG_WARN_STRICT_PROTOTYPES = YES;
				CLANG_WARN_SUSPICIOUS_MOVE = YES;
				CLANG_WARN_UNGUARDED_AVAILABILITY = YES_AGGRESSIVE;
				CLANG_WARN_UNREACHABLE_CODE = YES;
				CLANG_WARN__DUPLICATE_METHOD_MATCH = YES;
				CODE_SIGN_IDENTITY = "iPhone Developer";
				COPY_PHASE_STRIP = NO;
				DEBUG_INFORMATION_FORMAT = dwarf;
				ENABLE_STRICT_OBJC_MSGSEND = YES;
				ENABLE_TESTABILITY = YES;
				GCC_C_LANGUAGE_STANDARD = gnu11;
				GCC_DYNAMIC_NO_PIC = NO;
				GCC_NO_COMMON_BLOCKS = YES;
				GCC_OPTIMIZATION_LEVEL = 0;
				GCC_PREPROCESSOR_DEFINITIONS = (
					"DEBUG=1",
					"$(inherited)",
				);
				GCC_WARN_64_TO_32_BIT_CONVERSION = YES;
				GCC_WARN_ABOUT_RETURN_TYPE = YES_ERROR;
				GCC_WARN_UNDECLARED_SELECTOR = YES;
				GCC_WARN_UNINITIALIZED_AUTOS = YES_AGGRESSIVE;
				GCC_WARN_UNUSED_FUNCTION = YES;
				GCC_WARN_UNUSED_VARIABLE = YES;
				IPHONEOS_DEPLOYMENT_TARGET = 9.0;
				MTL_ENABLE_DEBUG_INFO = YES;
				ONLY_ACTIVE_ARCH = NO;
				SDKROOT = iphoneos;
				VALID_ARCHS = "arm64 armv7 armv7s i386 x86_64";
			};
			name = Debug;
		};
		5E4EC3DA20F4223700C60D7A /* Release */ = {
			isa = XCBuildConfiguration;
			buildSettings = {
				ALWAYS_SEARCH_USER_PATHS = NO;
				CLANG_ANALYZER_NONNULL = YES;
				CLANG_ANALYZER_NUMBER_OBJECT_CONVERSION = YES_AGGRESSIVE;
				CLANG_CXX_LANGUAGE_STANDARD = "gnu++14";
				CLANG_CXX_LIBRARY = "libc++";
				CLANG_ENABLE_MODULES = YES;
				CLANG_ENABLE_OBJC_ARC = YES;
				CLANG_ENABLE_OBJC_WEAK = YES;
				CLANG_WARN_BLOCK_CAPTURE_AUTORELEASING = YES;
				CLANG_WARN_BOOL_CONVERSION = YES;
				CLANG_WARN_COMMA = YES;
				CLANG_WARN_CONSTANT_CONVERSION = YES;
				CLANG_WARN_DEPRECATED_OBJC_IMPLEMENTATIONS = YES;
				CLANG_WARN_DIRECT_OBJC_ISA_USAGE = YES_ERROR;
				CLANG_WARN_DOCUMENTATION_COMMENTS = YES;
				CLANG_WARN_EMPTY_BODY = YES;
				CLANG_WARN_ENUM_CONVERSION = YES;
				CLANG_WARN_INFINITE_RECURSION = YES;
				CLANG_WARN_INT_CONVERSION = YES;
				CLANG_WARN_NON_LITERAL_NULL_CONVERSION = YES;
				CLANG_WARN_OBJC_IMPLICIT_RETAIN_SELF = YES;
				CLANG_WARN_OBJC_LITERAL_CONVERSION = YES;
				CLANG_WARN_OBJC_ROOT_CLASS = YES_ERROR;
				CLANG_WARN_RANGE_LOOP_ANALYSIS = YES;
				CLANG_WARN_STRICT_PROTOTYPES = YES;
				CLANG_WARN_SUSPICIOUS_MOVE = YES;
				CLANG_WARN_UNGUARDED_AVAILABILITY = YES_AGGRESSIVE;
				CLANG_WARN_UNREACHABLE_CODE = YES;
				CLANG_WARN__DUPLICATE_METHOD_MATCH = YES;
				CODE_SIGN_IDENTITY = "iPhone Developer";
				COPY_PHASE_STRIP = NO;
				DEBUG_INFORMATION_FORMAT = "dwarf-with-dsym";
				ENABLE_NS_ASSERTIONS = NO;
				ENABLE_STRICT_OBJC_MSGSEND = YES;
				GCC_C_LANGUAGE_STANDARD = gnu11;
				GCC_NO_COMMON_BLOCKS = YES;
				GCC_WARN_64_TO_32_BIT_CONVERSION = YES;
				GCC_WARN_ABOUT_RETURN_TYPE = YES_ERROR;
				GCC_WARN_UNDECLARED_SELECTOR = YES;
				GCC_WARN_UNINITIALIZED_AUTOS = YES_AGGRESSIVE;
				GCC_WARN_UNUSED_FUNCTION = YES;
				GCC_WARN_UNUSED_VARIABLE = YES;
				IPHONEOS_DEPLOYMENT_TARGET = 9.0;
				MTL_ENABLE_DEBUG_INFO = NO;
				SDKROOT = iphoneos;
				VALIDATE_PRODUCT = YES;
				VALID_ARCHS = "arm64 armv7 armv7s i386 x86_64";
			};
			name = Release;
		};
		5E4EC3DC20F4223700C60D7A /* Debug */ = {
			isa = XCBuildConfiguration;
			buildSettings = {
				CODE_SIGN_STYLE = Automatic;
				DEVELOPMENT_TEAM = 5EBK5DQGGP;
				OTHER_LDFLAGS = "-ObjC";
				PRODUCT_NAME = "$(TARGET_NAME)";
				SKIP_INSTALL = YES;
				TARGETED_DEVICE_FAMILY = "1,2";
				VALID_ARCHS = "arm64 armv7 armv7s i386 x86_64";
			};
			name = Debug;
		};
		5E4EC3DD20F4223700C60D7A /* Release */ = {
			isa = XCBuildConfiguration;
			buildSettings = {
				CODE_SIGN_STYLE = Automatic;
				DEVELOPMENT_TEAM = 5EBK5DQGGP;
				OTHER_LDFLAGS = "-ObjC";
				PRODUCT_NAME = "$(TARGET_NAME)";
				SKIP_INSTALL = YES;
				TARGETED_DEVICE_FAMILY = "1,2";
				VALID_ARCHS = "arm64 armv7 armv7s i386 x86_64";
			};
			name = Release;
		};
		5E4EC3FA20F42A1600C60D7A /* Debug */ = {
			isa = XCBuildConfiguration;
			buildSettings = {
				CODE_SIGN_STYLE = Automatic;
				DEVELOPMENT_TEAM = 5EBK5DQGGP;
				PRODUCT_NAME = "$(TARGET_NAME)";
				VALID_ARCHS = "arm64 armv7 armv7s I386 X86_64";
			};
			name = Debug;
		};
		5E4EC3FB20F42A1600C60D7A /* Release */ = {
			isa = XCBuildConfiguration;
			buildSettings = {
				CODE_SIGN_STYLE = Automatic;
				DEVELOPMENT_TEAM = 5EBK5DQGGP;
				PRODUCT_NAME = "$(TARGET_NAME)";
				VALID_ARCHS = "arm64 armv7 armv7s I386 X86_64";
			};
			name = Release;
		};
/* End XCBuildConfiguration section */

/* Begin XCConfigurationList section */
		5E4EC3CD20F4223700C60D7A /* Build configuration list for PBXProject "KamomeSDK" */ = {
			isa = XCConfigurationList;
			buildConfigurations = (
				5E4EC3D920F4223700C60D7A /* Debug */,
				5E4EC3DA20F4223700C60D7A /* Release */,
			);
			defaultConfigurationIsVisible = 0;
			defaultConfigurationName = Release;
		};
		5E4EC3DB20F4223700C60D7A /* Build configuration list for PBXNativeTarget "KamomeSDK" */ = {
			isa = XCConfigurationList;
			buildConfigurations = (
				5E4EC3DC20F4223700C60D7A /* Debug */,
				5E4EC3DD20F4223700C60D7A /* Release */,
			);
			defaultConfigurationIsVisible = 0;
			defaultConfigurationName = Release;
		};
		5E4EC3F920F42A1600C60D7A /* Build configuration list for PBXAggregateTarget "Universal" */ = {
			isa = XCConfigurationList;
			buildConfigurations = (
				5E4EC3FA20F42A1600C60D7A /* Debug */,
				5E4EC3FB20F42A1600C60D7A /* Release */,
			);
			defaultConfigurationIsVisible = 0;
			defaultConfigurationName = Release;
		};
/* End XCConfigurationList section */
	};
	rootObject = 5E4EC3CA20F4223700C60D7A /* Project object */;
}
